// !$*UTF8*$!
{
	archiveVersion = 1;
	classes = {
	};
	objectVersion = 56;
	objects = {

/* Begin PBXBuildFile section */
		2FE4F1512D5D6F66009885FD /* SudoProfiles in Frameworks */ = {isa = PBXBuildFile; productRef = 2FE4F1502D5D6F66009885FD /* SudoProfiles */; };
		2FE4F1542D5D6FB5009885FD /* SudoEntitlementsAdmin in Frameworks */ = {isa = PBXBuildFile; productRef = 2FE4F1532D5D6FB5009885FD /* SudoEntitlementsAdmin */; };
		2FE4F1572D5D6FEB009885FD /* SudoEntitlements in Frameworks */ = {isa = PBXBuildFile; productRef = 2FE4F1562D5D6FEB009885FD /* SudoEntitlements */; };
		4600698E2819120B0010B7E6 /* PostboxTests.swift in Sources */ = {isa = PBXBuildFile; fileRef = 4600698D2819120B0010B7E6 /* PostboxTests.swift */; };
		4626C64D2769AE9C00C7328B /* SudoDIRelayClientTestCase.swift in Sources */ = {isa = PBXBuildFile; fileRef = 4626C64C2769AE9C00C7328B /* SudoDIRelayClientTestCase.swift */; };
		464CAF3B26EEE1A4006C6FD0 /* MockGraphQL.swift in Sources */ = {isa = PBXBuildFile; fileRef = 464CAE7726EED496006C6FD0 /* MockGraphQL.swift */; };
		464CAF3D26EEE1A4006C6FD0 /* MockSubscriptionManager.swift in Sources */ = {isa = PBXBuildFile; fileRef = 464CAE7926EED496006C6FD0 /* MockSubscriptionManager.swift */; };
		464CAF3E26EEE1A4006C6FD0 /* MockSubscriptionToken.swift in Sources */ = {isa = PBXBuildFile; fileRef = 464CAE7A26EED496006C6FD0 /* MockSubscriptionToken.swift */; };
		464CAF3F26EEE1A4006C6FD0 /* MockKeyManager.swift in Sources */ = {isa = PBXBuildFile; fileRef = 464CAE7B26EED496006C6FD0 /* MockKeyManager.swift */; };
		464CAF4026EEE1A4006C6FD0 /* MockAWSNetworkTransport.swift in Sources */ = {isa = PBXBuildFile; fileRef = 464CAE7C26EED496006C6FD0 /* MockAWSNetworkTransport.swift */; };
		464CAF4926EEE1A4006C6FD0 /* MockRelayService.swift in Sources */ = {isa = PBXBuildFile; fileRef = 464CAE8626EED496006C6FD0 /* MockRelayService.swift */; };
		464CAF4B26EEE1A4006C6FD0 /* Date+MillisecondsSinceEpochTests.swift in Sources */ = {isa = PBXBuildFile; fileRef = 464CAE8B26EED497006C6FD0 /* Date+MillisecondsSinceEpochTests.swift */; };
		464CAF4C26EEE1A4006C6FD0 /* GraphQLResultWorkerTests.swift in Sources */ = {isa = PBXBuildFile; fileRef = 464CAE8F26EED497006C6FD0 /* GraphQLResultWorkerTests.swift */; };
		464CAF4D26EEE1A4006C6FD0 /* RelayTransformerTests.swift in Sources */ = {isa = PBXBuildFile; fileRef = 464CAE9126EED497006C6FD0 /* RelayTransformerTests.swift */; };
		464CAF4E26EEE1A4006C6FD0 /* DefaultRelayServiceTests.swift in Sources */ = {isa = PBXBuildFile; fileRef = 464CAE9326EED497006C6FD0 /* DefaultRelayServiceTests.swift */; };
		464CAF4F26EEE1A4006C6FD0 /* RelaySubscriptionTokenTests.swift in Sources */ = {isa = PBXBuildFile; fileRef = 464CAE9526EED497006C6FD0 /* RelaySubscriptionTokenTests.swift */; };
		464CAF5026EEE1A4006C6FD0 /* SubscriptionManagerTests.swift in Sources */ = {isa = PBXBuildFile; fileRef = 464CAE9626EED497006C6FD0 /* SubscriptionManagerTests.swift */; };
		464CAF5726EEE1A4006C6FD0 /* MessageTests.swift in Sources */ = {isa = PBXBuildFile; fileRef = 464CAEA726EED498006C6FD0 /* MessageTests.swift */; };
		464CAF5826EEE1A4006C6FD0 /* DeletePostboxTests.swift in Sources */ = {isa = PBXBuildFile; fileRef = 464CAEA926EED498006C6FD0 /* DeletePostboxTests.swift */; };
		464CAF5A26EEE1A4006C6FD0 /* CreatePostboxTests.swift in Sources */ = {isa = PBXBuildFile; fileRef = 464CAEAB26EED498006C6FD0 /* CreatePostboxTests.swift */; };
		464CAF5C26EEE1A4006C6FD0 /* TestCase.swift in Sources */ = {isa = PBXBuildFile; fileRef = 464CAEAD26EED498006C6FD0 /* TestCase.swift */; };
		464CAF5D26EEE1A4006C6FD0 /* ListMessagesTests.swift in Sources */ = {isa = PBXBuildFile; fileRef = 464CAEAE26EED498006C6FD0 /* ListMessagesTests.swift */; };
		464CAF5E26EEE1A4006C6FD0 /* SubscribeToMessagesReceivedTests.swift in Sources */ = {isa = PBXBuildFile; fileRef = 464CAEAF26EED498006C6FD0 /* SubscribeToMessagesReceivedTests.swift */; };
		464CAF5F26EEE1A4006C6FD0 /* SudoDIRelayErrorTests.swift in Sources */ = {isa = PBXBuildFile; fileRef = 464CAEB126EED498006C6FD0 /* SudoDIRelayErrorTests.swift */; };
		464CAF6026EEE1A5006C6FD0 /* Logger+Tests.swift in Sources */ = {isa = PBXBuildFile; fileRef = 464CAEB426EED498006C6FD0 /* Logger+Tests.swift */; };
		464CAF6126EEE1A5006C6FD0 /* XCTestCase+Utility.swift in Sources */ = {isa = PBXBuildFile; fileRef = 464CAEB526EED498006C6FD0 /* XCTestCase+Utility.swift */; };
		464CAF6226EEE1A5006C6FD0 /* Error+Equality.swift in Sources */ = {isa = PBXBuildFile; fileRef = 464CAEB626EED498006C6FD0 /* Error+Equality.swift */; };
		464CAF6326EEE1A5006C6FD0 /* Array+OperationConvenience.swift in Sources */ = {isa = PBXBuildFile; fileRef = 464CAEB726EED498006C6FD0 /* Array+OperationConvenience.swift */; };
		464CAF6426EEE1A5006C6FD0 /* DataFactoryNamespace.swift in Sources */ = {isa = PBXBuildFile; fileRef = 464CAEBA26EED498006C6FD0 /* DataFactoryNamespace.swift */; };
		464CAF6526EEE1A5006C6FD0 /* DataFactory+GraphQL.swift in Sources */ = {isa = PBXBuildFile; fileRef = 464CAEBB26EED498006C6FD0 /* DataFactory+GraphQL.swift */; };
		464CAF6726EEE1A5006C6FD0 /* DataFactory+Domain.swift in Sources */ = {isa = PBXBuildFile; fileRef = 464CAEBD26EED498006C6FD0 /* DataFactory+Domain.swift */; };
		464CAF6826EEE1CD006C6FD0 /* ListMessagesSystemTests.swift in Sources */ = {isa = PBXBuildFile; fileRef = 464CAE6426EED495006C6FD0 /* ListMessagesSystemTests.swift */; };
		464CAF6926EEE1CD006C6FD0 /* DeletePostboxSystemTests.swift in Sources */ = {isa = PBXBuildFile; fileRef = 464CAE6526EED495006C6FD0 /* DeletePostboxSystemTests.swift */; };
		464CAF6B26EEE1CD006C6FD0 /* CreatePostboxSystemTests.swift in Sources */ = {isa = PBXBuildFile; fileRef = 464CAE6726EED495006C6FD0 /* CreatePostboxSystemTests.swift */; };
		464CAF6C26EEE1CD006C6FD0 /* SubscribeToMessagesReceivedSystemTests.swift in Sources */ = {isa = PBXBuildFile; fileRef = 464CAE6826EED495006C6FD0 /* SubscribeToMessagesReceivedSystemTests.swift */; };
		464CAF6F26EEE1CD006C6FD0 /* XCTestCase+Utility.swift in Sources */ = {isa = PBXBuildFile; fileRef = 464CAE6D26EED496006C6FD0 /* XCTestCase+Utility.swift */; };
		464CAF7026EEE1CD006C6FD0 /* DataFactoryNamespace.swift in Sources */ = {isa = PBXBuildFile; fileRef = 464CAE6E26EED496006C6FD0 /* DataFactoryNamespace.swift */; };
		464CAF7126EEE1CD006C6FD0 /* Result+Convenience.swift in Sources */ = {isa = PBXBuildFile; fileRef = 464CAE6F26EED496006C6FD0 /* Result+Convenience.swift */; };
		464CAF7226EEE1CD006C6FD0 /* DataFactory+TestUtility.swift in Sources */ = {isa = PBXBuildFile; fileRef = 464CAE7026EED496006C6FD0 /* DataFactory+TestUtility.swift */; };
		464CAF7326EEE1CD006C6FD0 /* HTTPTransports.swift in Sources */ = {isa = PBXBuildFile; fileRef = 464CAE7426EED496006C6FD0 /* HTTPTransports.swift */; };
		46E64E48281FEF91006F1E3D /* Error+Equality.swift in Sources */ = {isa = PBXBuildFile; fileRef = 46E64E47281FEF91006F1E3D /* Error+Equality.swift */; };
		84C0F0FD26BBA9EB005810AC /* AppDelegate.swift in Sources */ = {isa = PBXBuildFile; fileRef = 84C0F0FC26BBA9EB005810AC /* AppDelegate.swift */; };
		84C0F0FF26BBA9EB005810AC /* SceneDelegate.swift in Sources */ = {isa = PBXBuildFile; fileRef = 84C0F0FE26BBA9EB005810AC /* SceneDelegate.swift */; };
		84C0F10126BBA9EB005810AC /* ViewController.swift in Sources */ = {isa = PBXBuildFile; fileRef = 84C0F10026BBA9EB005810AC /* ViewController.swift */; };
		84C0F10426BBA9EB005810AC /* Main.storyboard in Resources */ = {isa = PBXBuildFile; fileRef = 84C0F10226BBA9EB005810AC /* Main.storyboard */; };
		84C0F10626BBA9EE005810AC /* Assets.xcassets in Resources */ = {isa = PBXBuildFile; fileRef = 84C0F10526BBA9EE005810AC /* Assets.xcassets */; };
		84C0F10926BBA9EE005810AC /* LaunchScreen.storyboard in Resources */ = {isa = PBXBuildFile; fileRef = 84C0F10726BBA9EE005810AC /* LaunchScreen.storyboard */; };
		ADFCBF692A11FDDF00C1341E /* ListPostboxesTests.swift in Sources */ = {isa = PBXBuildFile; fileRef = ADFCBF682A11FDDF00C1341E /* ListPostboxesTests.swift */; };
		ADFCBF6B2A11FF4500C1341E /* UpdatePostboxTests.swift in Sources */ = {isa = PBXBuildFile; fileRef = ADFCBF6A2A11FF4500C1341E /* UpdatePostboxTests.swift */; };
		ADFCBF6D2A12F7BE00C1341E /* UpdatePostboxSystemTests.swift in Sources */ = {isa = PBXBuildFile; fileRef = ADFCBF6C2A12F7BE00C1341E /* UpdatePostboxSystemTests.swift */; };
		ADFCBF6F2A130C4B00C1341E /* ListPostboxesSystemTests.swift in Sources */ = {isa = PBXBuildFile; fileRef = ADFCBF6E2A130C4B00C1341E /* ListPostboxesSystemTests.swift */; };
		ADFCBF712A130C7800C1341E /* DeleteMessageSystemTests.swift in Sources */ = {isa = PBXBuildFile; fileRef = ADFCBF702A130C7800C1341E /* DeleteMessageSystemTests.swift */; };
		E2E767892D0B959D00D6DE89 /* SudoDIRelay in Frameworks */ = {isa = PBXBuildFile; productRef = E2E767882D0B959D00D6DE89 /* SudoDIRelay */; };
		E2E7678B2D0B95A200D6DE89 /* SudoDIRelay in Frameworks */ = {isa = PBXBuildFile; productRef = E2E7678A2D0B95A200D6DE89 /* SudoDIRelay */; };
		E2E767992D0B985400D6DE89 /* AnyError.swift in Sources */ = {isa = PBXBuildFile; fileRef = 464CAEBC26EED498006C6FD0 /* AnyError.swift */; };
		E2E7679A2D0B985500D6DE89 /* AnyError.swift in Sources */ = {isa = PBXBuildFile; fileRef = 464CAEBC26EED498006C6FD0 /* AnyError.swift */; };
/* End PBXBuildFile section */

/* Begin PBXContainerItemProxy section */
		84C0F1D926BBAEBD005810AC /* PBXContainerItemProxy */ = {
			isa = PBXContainerItemProxy;
			containerPortal = 84C0F0D326BBA8CD005810AC /* Project object */;
			proxyType = 1;
			remoteGlobalIDString = 84C0F0F926BBA9EB005810AC;
			remoteInfo = TestApp;
		};
		E2E767972D0B981100D6DE89 /* PBXContainerItemProxy */ = {
			isa = PBXContainerItemProxy;
			containerPortal = 84C0F0D326BBA8CD005810AC /* Project object */;
			proxyType = 1;
			remoteGlobalIDString = 84C0F0F926BBA9EB005810AC;
			remoteInfo = TestApp;
		};
/* End PBXContainerItemProxy section */

/* Begin PBXFileReference section */
		4600698D2819120B0010B7E6 /* PostboxTests.swift */ = {isa = PBXFileReference; lastKnownFileType = sourcecode.swift; path = PostboxTests.swift; sourceTree = "<group>"; };
		4626C64C2769AE9C00C7328B /* SudoDIRelayClientTestCase.swift */ = {isa = PBXFileReference; lastKnownFileType = sourcecode.swift; path = SudoDIRelayClientTestCase.swift; sourceTree = "<group>"; };
		462EE3D027D9B0CA00BC2115 /* Postbox.swift */ = {isa = PBXFileReference; lastKnownFileType = sourcecode.swift; path = Postbox.swift; sourceTree = "<group>"; };
		464CAE2D26EED493006C6FD0 /* SudoDecentralizedIdentityRelay.h */ = {isa = PBXFileReference; fileEncoding = 4; lastKnownFileType = sourcecode.c.h; path = SudoDecentralizedIdentityRelay.h; sourceTree = "<group>"; };
		464CAE3026EED493006C6FD0 /* en */ = {isa = PBXFileReference; lastKnownFileType = text.plist.strings; name = en; path = en.lproj/Localizable.strings; sourceTree = "<group>"; };
		464CAE3426EED493006C6FD0 /* Date+MillisecondsSinceEpoch.swift */ = {isa = PBXFileReference; fileEncoding = 4; lastKnownFileType = sourcecode.swift; path = "Date+MillisecondsSinceEpoch.swift"; sourceTree = "<group>"; };
		464CAE3526EED493006C6FD0 /* OperationArray+Convenience.swift */ = {isa = PBXFileReference; fileEncoding = 4; lastKnownFileType = sourcecode.swift; path = "OperationArray+Convenience.swift"; sourceTree = "<group>"; };
		464CAE3626EED493006C6FD0 /* SudoLogger+DecentralizedRelay.swift */ = {isa = PBXFileReference; fileEncoding = 4; lastKnownFileType = sourcecode.swift; path = "SudoLogger+DecentralizedRelay.swift"; sourceTree = "<group>"; };
		464CAE3726EED493006C6FD0 /* Bundle+Static.swift */ = {isa = PBXFileReference; fileEncoding = 4; lastKnownFileType = sourcecode.swift; path = "Bundle+Static.swift"; sourceTree = "<group>"; };
		464CAE3B26EED494006C6FD0 /* GraphQLResultWorker.swift */ = {isa = PBXFileReference; fileEncoding = 4; lastKnownFileType = sourcecode.swift; path = GraphQLResultWorker.swift; sourceTree = "<group>"; };
		464CAE3C26EED494006C6FD0 /* GraphQLAPI.swift */ = {isa = PBXFileReference; fileEncoding = 4; lastKnownFileType = sourcecode.swift; path = GraphQLAPI.swift; sourceTree = "<group>"; };
		464CAE3E26EED494006C6FD0 /* RelayTransformer.swift */ = {isa = PBXFileReference; fileEncoding = 4; lastKnownFileType = sourcecode.swift; path = RelayTransformer.swift; sourceTree = "<group>"; };
		464CAE4026EED494006C6FD0 /* DefaultRelayService.swift */ = {isa = PBXFileReference; fileEncoding = 4; lastKnownFileType = sourcecode.swift; path = DefaultRelayService.swift; sourceTree = "<group>"; };
		464CAE4226EED494006C6FD0 /* AppSyncClientHelper.swift */ = {isa = PBXFileReference; fileEncoding = 4; lastKnownFileType = sourcecode.swift; path = AppSyncClientHelper.swift; sourceTree = "<group>"; };
		464CAE4326EED494006C6FD0 /* Resetable.swift */ = {isa = PBXFileReference; fileEncoding = 4; lastKnownFileType = sourcecode.swift; path = Resetable.swift; sourceTree = "<group>"; };
		464CAE4526EED494006C6FD0 /* SubscriptionManager.swift */ = {isa = PBXFileReference; fileEncoding = 4; lastKnownFileType = sourcecode.swift; path = SubscriptionManager.swift; sourceTree = "<group>"; };
		464CAE4826EED494006C6FD0 /* RelaySubscriptionToken.swift */ = {isa = PBXFileReference; fileEncoding = 4; lastKnownFileType = sourcecode.swift; path = RelaySubscriptionToken.swift; sourceTree = "<group>"; };
		464CAE5326EED494006C6FD0 /* RelayService.swift */ = {isa = PBXFileReference; fileEncoding = 4; lastKnownFileType = sourcecode.swift; path = RelayService.swift; sourceTree = "<group>"; };
		464CAE5526EED494006C6FD0 /* DefaultSudoDIRelayClient.swift */ = {isa = PBXFileReference; fileEncoding = 4; lastKnownFileType = sourcecode.swift; path = DefaultSudoDIRelayClient.swift; sourceTree = "<group>"; };
		464CAE5726EED494006C6FD0 /* Message.swift */ = {isa = PBXFileReference; fileEncoding = 4; lastKnownFileType = sourcecode.swift; path = Message.swift; sourceTree = "<group>"; };
		464CAE5826EED495006C6FD0 /* SubscriptionToken.swift */ = {isa = PBXFileReference; fileEncoding = 4; lastKnownFileType = sourcecode.swift; path = SubscriptionToken.swift; sourceTree = "<group>"; };
		464CAE5926EED495006C6FD0 /* Status.swift */ = {isa = PBXFileReference; fileEncoding = 4; lastKnownFileType = sourcecode.swift; path = Status.swift; sourceTree = "<group>"; };
		464CAE5B26EED495006C6FD0 /* SudoDIRelayClient.swift */ = {isa = PBXFileReference; fileEncoding = 4; lastKnownFileType = sourcecode.swift; path = SudoDIRelayClient.swift; sourceTree = "<group>"; };
		464CAE5D26EED495006C6FD0 /* SudoDIRelayError.swift */ = {isa = PBXFileReference; fileEncoding = 4; lastKnownFileType = sourcecode.swift; path = SudoDIRelayError.swift; sourceTree = "<group>"; };
		464CAE5F26EED495006C6FD0 /* Strings.swift */ = {isa = PBXFileReference; fileEncoding = 4; lastKnownFileType = sourcecode.swift; path = Strings.swift; sourceTree = "<group>"; };
		464CAE6026EED495006C6FD0 /* Info.plist */ = {isa = PBXFileReference; fileEncoding = 4; lastKnownFileType = text.plist.xml; path = Info.plist; sourceTree = "<group>"; };
		464CAE6426EED495006C6FD0 /* ListMessagesSystemTests.swift */ = {isa = PBXFileReference; fileEncoding = 4; lastKnownFileType = sourcecode.swift; path = ListMessagesSystemTests.swift; sourceTree = "<group>"; };
		464CAE6526EED495006C6FD0 /* DeletePostboxSystemTests.swift */ = {isa = PBXFileReference; fileEncoding = 4; lastKnownFileType = sourcecode.swift; path = DeletePostboxSystemTests.swift; sourceTree = "<group>"; };
		464CAE6726EED495006C6FD0 /* CreatePostboxSystemTests.swift */ = {isa = PBXFileReference; fileEncoding = 4; lastKnownFileType = sourcecode.swift; path = CreatePostboxSystemTests.swift; sourceTree = "<group>"; };
		464CAE6826EED495006C6FD0 /* SubscribeToMessagesReceivedSystemTests.swift */ = {isa = PBXFileReference; fileEncoding = 4; lastKnownFileType = sourcecode.swift; path = SubscribeToMessagesReceivedSystemTests.swift; sourceTree = "<group>"; };
		464CAE6B26EED495006C6FD0 /* .swiftlint.yml */ = {isa = PBXFileReference; fileEncoding = 4; lastKnownFileType = text.yaml; path = .swiftlint.yml; sourceTree = "<group>"; };
		464CAE6D26EED496006C6FD0 /* XCTestCase+Utility.swift */ = {isa = PBXFileReference; fileEncoding = 4; lastKnownFileType = sourcecode.swift; path = "XCTestCase+Utility.swift"; sourceTree = "<group>"; };
		464CAE6E26EED496006C6FD0 /* DataFactoryNamespace.swift */ = {isa = PBXFileReference; fileEncoding = 4; lastKnownFileType = sourcecode.swift; path = DataFactoryNamespace.swift; sourceTree = "<group>"; };
		464CAE6F26EED496006C6FD0 /* Result+Convenience.swift */ = {isa = PBXFileReference; fileEncoding = 4; lastKnownFileType = sourcecode.swift; path = "Result+Convenience.swift"; sourceTree = "<group>"; };
		464CAE7026EED496006C6FD0 /* DataFactory+TestUtility.swift */ = {isa = PBXFileReference; fileEncoding = 4; lastKnownFileType = sourcecode.swift; path = "DataFactory+TestUtility.swift"; sourceTree = "<group>"; };
		464CAE7126EED496006C6FD0 /* Info.plist */ = {isa = PBXFileReference; fileEncoding = 4; lastKnownFileType = text.plist.xml; path = Info.plist; sourceTree = "<group>"; };
		464CAE7426EED496006C6FD0 /* HTTPTransports.swift */ = {isa = PBXFileReference; fileEncoding = 4; lastKnownFileType = sourcecode.swift; path = HTTPTransports.swift; sourceTree = "<group>"; };
		464CAE7726EED496006C6FD0 /* MockGraphQL.swift */ = {isa = PBXFileReference; fileEncoding = 4; lastKnownFileType = sourcecode.swift; path = MockGraphQL.swift; sourceTree = "<group>"; };
		464CAE7926EED496006C6FD0 /* MockSubscriptionManager.swift */ = {isa = PBXFileReference; fileEncoding = 4; lastKnownFileType = sourcecode.swift; path = MockSubscriptionManager.swift; sourceTree = "<group>"; };
		464CAE7A26EED496006C6FD0 /* MockSubscriptionToken.swift */ = {isa = PBXFileReference; fileEncoding = 4; lastKnownFileType = sourcecode.swift; path = MockSubscriptionToken.swift; sourceTree = "<group>"; };
		464CAE7B26EED496006C6FD0 /* MockKeyManager.swift */ = {isa = PBXFileReference; fileEncoding = 4; lastKnownFileType = sourcecode.swift; path = MockKeyManager.swift; sourceTree = "<group>"; };
		464CAE7C26EED496006C6FD0 /* MockAWSNetworkTransport.swift */ = {isa = PBXFileReference; fileEncoding = 4; lastKnownFileType = sourcecode.swift; path = MockAWSNetworkTransport.swift; sourceTree = "<group>"; };
		464CAE8626EED496006C6FD0 /* MockRelayService.swift */ = {isa = PBXFileReference; fileEncoding = 4; lastKnownFileType = sourcecode.swift; path = MockRelayService.swift; sourceTree = "<group>"; };
		464CAE8B26EED497006C6FD0 /* Date+MillisecondsSinceEpochTests.swift */ = {isa = PBXFileReference; fileEncoding = 4; lastKnownFileType = sourcecode.swift; path = "Date+MillisecondsSinceEpochTests.swift"; sourceTree = "<group>"; };
		464CAE8F26EED497006C6FD0 /* GraphQLResultWorkerTests.swift */ = {isa = PBXFileReference; fileEncoding = 4; lastKnownFileType = sourcecode.swift; path = GraphQLResultWorkerTests.swift; sourceTree = "<group>"; };
		464CAE9126EED497006C6FD0 /* RelayTransformerTests.swift */ = {isa = PBXFileReference; fileEncoding = 4; lastKnownFileType = sourcecode.swift; path = RelayTransformerTests.swift; sourceTree = "<group>"; };
		464CAE9326EED497006C6FD0 /* DefaultRelayServiceTests.swift */ = {isa = PBXFileReference; fileEncoding = 4; lastKnownFileType = sourcecode.swift; path = DefaultRelayServiceTests.swift; sourceTree = "<group>"; };
		464CAE9526EED497006C6FD0 /* RelaySubscriptionTokenTests.swift */ = {isa = PBXFileReference; fileEncoding = 4; lastKnownFileType = sourcecode.swift; path = RelaySubscriptionTokenTests.swift; sourceTree = "<group>"; };
		464CAE9626EED497006C6FD0 /* SubscriptionManagerTests.swift */ = {isa = PBXFileReference; fileEncoding = 4; lastKnownFileType = sourcecode.swift; path = SubscriptionManagerTests.swift; sourceTree = "<group>"; };
		464CAEA726EED498006C6FD0 /* MessageTests.swift */ = {isa = PBXFileReference; fileEncoding = 4; lastKnownFileType = sourcecode.swift; path = MessageTests.swift; sourceTree = "<group>"; };
		464CAEA926EED498006C6FD0 /* DeletePostboxTests.swift */ = {isa = PBXFileReference; fileEncoding = 4; lastKnownFileType = sourcecode.swift; path = DeletePostboxTests.swift; sourceTree = "<group>"; };
		464CAEAB26EED498006C6FD0 /* CreatePostboxTests.swift */ = {isa = PBXFileReference; fileEncoding = 4; lastKnownFileType = sourcecode.swift; path = CreatePostboxTests.swift; sourceTree = "<group>"; };
		464CAEAD26EED498006C6FD0 /* TestCase.swift */ = {isa = PBXFileReference; fileEncoding = 4; lastKnownFileType = sourcecode.swift; path = TestCase.swift; sourceTree = "<group>"; };
		464CAEAE26EED498006C6FD0 /* ListMessagesTests.swift */ = {isa = PBXFileReference; fileEncoding = 4; lastKnownFileType = sourcecode.swift; path = ListMessagesTests.swift; sourceTree = "<group>"; };
		464CAEAF26EED498006C6FD0 /* SubscribeToMessagesReceivedTests.swift */ = {isa = PBXFileReference; fileEncoding = 4; lastKnownFileType = sourcecode.swift; path = SubscribeToMessagesReceivedTests.swift; sourceTree = "<group>"; };
		464CAEB126EED498006C6FD0 /* SudoDIRelayErrorTests.swift */ = {isa = PBXFileReference; fileEncoding = 4; lastKnownFileType = sourcecode.swift; path = SudoDIRelayErrorTests.swift; sourceTree = "<group>"; };
		464CAEB226EED498006C6FD0 /* .swiftlint.yml */ = {isa = PBXFileReference; fileEncoding = 4; lastKnownFileType = text.yaml; path = .swiftlint.yml; sourceTree = "<group>"; };
		464CAEB426EED498006C6FD0 /* Logger+Tests.swift */ = {isa = PBXFileReference; fileEncoding = 4; lastKnownFileType = sourcecode.swift; path = "Logger+Tests.swift"; sourceTree = "<group>"; };
		464CAEB526EED498006C6FD0 /* XCTestCase+Utility.swift */ = {isa = PBXFileReference; fileEncoding = 4; lastKnownFileType = sourcecode.swift; path = "XCTestCase+Utility.swift"; sourceTree = "<group>"; };
		464CAEB626EED498006C6FD0 /* Error+Equality.swift */ = {isa = PBXFileReference; fileEncoding = 4; lastKnownFileType = sourcecode.swift; path = "Error+Equality.swift"; sourceTree = "<group>"; };
		464CAEB726EED498006C6FD0 /* Array+OperationConvenience.swift */ = {isa = PBXFileReference; fileEncoding = 4; lastKnownFileType = sourcecode.swift; path = "Array+OperationConvenience.swift"; sourceTree = "<group>"; };
		464CAEB826EED498006C6FD0 /* Info.plist */ = {isa = PBXFileReference; fileEncoding = 4; lastKnownFileType = text.plist.xml; path = Info.plist; sourceTree = "<group>"; };
		464CAEBA26EED498006C6FD0 /* DataFactoryNamespace.swift */ = {isa = PBXFileReference; fileEncoding = 4; lastKnownFileType = sourcecode.swift; path = DataFactoryNamespace.swift; sourceTree = "<group>"; };
		464CAEBB26EED498006C6FD0 /* DataFactory+GraphQL.swift */ = {isa = PBXFileReference; fileEncoding = 4; lastKnownFileType = sourcecode.swift; path = "DataFactory+GraphQL.swift"; sourceTree = "<group>"; };
		464CAEBC26EED498006C6FD0 /* AnyError.swift */ = {isa = PBXFileReference; fileEncoding = 4; lastKnownFileType = sourcecode.swift; path = AnyError.swift; sourceTree = "<group>"; };
		464CAEBD26EED498006C6FD0 /* DataFactory+Domain.swift */ = {isa = PBXFileReference; fileEncoding = 4; lastKnownFileType = sourcecode.swift; path = "DataFactory+Domain.swift"; sourceTree = "<group>"; };
		46E64E47281FEF91006F1E3D /* Error+Equality.swift */ = {isa = PBXFileReference; lastKnownFileType = sourcecode.swift; path = "Error+Equality.swift"; sourceTree = "<group>"; };
		46E8FF8E2806517600F9D51E /* GraphQLHelper.swift */ = {isa = PBXFileReference; lastKnownFileType = sourcecode.swift; path = GraphQLHelper.swift; sourceTree = "<group>"; };
		46E8FF932806ADE800F9D51E /* PlatformSubscriptionStatus.swift */ = {isa = PBXFileReference; lastKnownFileType = sourcecode.swift; path = PlatformSubscriptionStatus.swift; sourceTree = "<group>"; };
		84C0F0E526BBA8CE005810AC /* SudoDIRelayTests.xctest */ = {isa = PBXFileReference; explicitFileType = wrapper.cfbundle; includeInIndex = 0; path = SudoDIRelayTests.xctest; sourceTree = BUILT_PRODUCTS_DIR; };
		84C0F0FA26BBA9EB005810AC /* TestApp.app */ = {isa = PBXFileReference; explicitFileType = wrapper.application; includeInIndex = 0; path = TestApp.app; sourceTree = BUILT_PRODUCTS_DIR; };
		84C0F0FC26BBA9EB005810AC /* AppDelegate.swift */ = {isa = PBXFileReference; lastKnownFileType = sourcecode.swift; path = AppDelegate.swift; sourceTree = "<group>"; };
		84C0F0FE26BBA9EB005810AC /* SceneDelegate.swift */ = {isa = PBXFileReference; lastKnownFileType = sourcecode.swift; path = SceneDelegate.swift; sourceTree = "<group>"; };
		84C0F10026BBA9EB005810AC /* ViewController.swift */ = {isa = PBXFileReference; lastKnownFileType = sourcecode.swift; path = ViewController.swift; sourceTree = "<group>"; };
		84C0F10326BBA9EB005810AC /* Base */ = {isa = PBXFileReference; lastKnownFileType = file.storyboard; name = Base; path = Base.lproj/Main.storyboard; sourceTree = "<group>"; };
		84C0F10526BBA9EE005810AC /* Assets.xcassets */ = {isa = PBXFileReference; lastKnownFileType = folder.assetcatalog; path = Assets.xcassets; sourceTree = "<group>"; };
		84C0F10826BBA9EE005810AC /* Base */ = {isa = PBXFileReference; lastKnownFileType = file.storyboard; name = Base; path = Base.lproj/LaunchScreen.storyboard; sourceTree = "<group>"; };
		84C0F10A26BBA9EE005810AC /* Info.plist */ = {isa = PBXFileReference; lastKnownFileType = text.plist.xml; path = Info.plist; sourceTree = "<group>"; };
		84C0F11226BBAA54005810AC /* SudoDIRelaySystemTests.xctest */ = {isa = PBXFileReference; explicitFileType = wrapper.cfbundle; includeInIndex = 0; path = SudoDIRelaySystemTests.xctest; sourceTree = BUILT_PRODUCTS_DIR; };
		A43ED3F9A42BB4F5BA3BE46A /* ListOutput.swift */ = {isa = PBXFileReference; fileEncoding = 4; lastKnownFileType = sourcecode.swift; path = ListOutput.swift; sourceTree = "<group>"; };
		ADFCBF682A11FDDF00C1341E /* ListPostboxesTests.swift */ = {isa = PBXFileReference; lastKnownFileType = sourcecode.swift; path = ListPostboxesTests.swift; sourceTree = "<group>"; };
		ADFCBF6A2A11FF4500C1341E /* UpdatePostboxTests.swift */ = {isa = PBXFileReference; lastKnownFileType = sourcecode.swift; path = UpdatePostboxTests.swift; sourceTree = "<group>"; };
		ADFCBF6C2A12F7BE00C1341E /* UpdatePostboxSystemTests.swift */ = {isa = PBXFileReference; lastKnownFileType = sourcecode.swift; path = UpdatePostboxSystemTests.swift; sourceTree = "<group>"; };
		ADFCBF6E2A130C4B00C1341E /* ListPostboxesSystemTests.swift */ = {isa = PBXFileReference; lastKnownFileType = sourcecode.swift; path = ListPostboxesSystemTests.swift; sourceTree = "<group>"; };
		ADFCBF702A130C7800C1341E /* DeleteMessageSystemTests.swift */ = {isa = PBXFileReference; lastKnownFileType = sourcecode.swift; path = DeleteMessageSystemTests.swift; sourceTree = "<group>"; };
/* End PBXFileReference section */

/* Begin PBXFrameworksBuildPhase section */
		84C0F0E226BBA8CE005810AC /* Frameworks */ = {
			isa = PBXFrameworksBuildPhase;
			buildActionMask = 2147483647;
			files = (
				E2E767892D0B959D00D6DE89 /* SudoDIRelay in Frameworks */,
			);
			runOnlyForDeploymentPostprocessing = 0;
		};
		84C0F0F726BBA9EB005810AC /* Frameworks */ = {
			isa = PBXFrameworksBuildPhase;
			buildActionMask = 2147483647;
			files = (
			);
			runOnlyForDeploymentPostprocessing = 0;
		};
		84C0F10F26BBAA54005810AC /* Frameworks */ = {
			isa = PBXFrameworksBuildPhase;
			buildActionMask = 2147483647;
			files = (
				E2E7678B2D0B95A200D6DE89 /* SudoDIRelay in Frameworks */,
				2FE4F1572D5D6FEB009885FD /* SudoEntitlements in Frameworks */,
				2FE4F1542D5D6FB5009885FD /* SudoEntitlementsAdmin in Frameworks */,
				2FE4F1512D5D6F66009885FD /* SudoProfiles in Frameworks */,
			);
			runOnlyForDeploymentPostprocessing = 0;
		};
/* End PBXFrameworksBuildPhase section */

/* Begin PBXGroup section */
		464CAE2C26EED493006C6FD0 /* SudoDIRelay */ = {
			isa = PBXGroup;
			children = (
				464CAE2E26EED493006C6FD0 /* Resources */,
				464CAE3126EED493006C6FD0 /* Source */,
				464CAE6026EED495006C6FD0 /* Info.plist */,
				464CAE2D26EED493006C6FD0 /* SudoDecentralizedIdentityRelay.h */,
			);
			path = SudoDIRelay;
			sourceTree = "<group>";
		};
		464CAE2E26EED493006C6FD0 /* Resources */ = {
			isa = PBXGroup;
			children = (
				464CAE2F26EED493006C6FD0 /* Localizable.strings */,
			);
			path = Resources;
			sourceTree = "<group>";
		};
		464CAE3126EED493006C6FD0 /* Source */ = {
			isa = PBXGroup;
			children = (
				464CAE3226EED493006C6FD0 /* Internal */,
				46E8FF902806ADB400F9D51E /* Platform */,
				464CAE5426EED494006C6FD0 /* Public */,
				464CAE5E26EED495006C6FD0 /* Swiftgen */,
			);
			path = Source;
			sourceTree = "<group>";
		};
		464CAE3226EED493006C6FD0 /* Internal */ = {
			isa = PBXGroup;
			children = (
				464CAE3826EED494006C6FD0 /* Data */,
				464CAE4926EED494006C6FD0 /* Domain */,
				464CAE3326EED493006C6FD0 /* Extensions */,
				46E8FF8D2806516400F9D51E /* Utility */,
			);
			path = Internal;
			sourceTree = "<group>";
		};
		464CAE3326EED493006C6FD0 /* Extensions */ = {
			isa = PBXGroup;
			children = (
				464CAE3726EED493006C6FD0 /* Bundle+Static.swift */,
				464CAE3426EED493006C6FD0 /* Date+MillisecondsSinceEpoch.swift */,
				464CAE3526EED493006C6FD0 /* OperationArray+Convenience.swift */,
				464CAE3626EED493006C6FD0 /* SudoLogger+DecentralizedRelay.swift */,
			);
			path = Extensions;
			sourceTree = "<group>";
		};
		464CAE3826EED494006C6FD0 /* Data */ = {
			isa = PBXGroup;
			children = (
				464CAE4126EED494006C6FD0 /* Protocols */,
				464CAE3F26EED494006C6FD0 /* Service */,
				464CAE3926EED494006C6FD0 /* Shared */,
				464CAE3D26EED494006C6FD0 /* Transformers */,
				464CAE4426EED494006C6FD0 /* Utility */,
				464CAE3C26EED494006C6FD0 /* GraphQLAPI.swift */,
			);
			path = Data;
			sourceTree = "<group>";
		};
		464CAE3926EED494006C6FD0 /* Shared */ = {
			isa = PBXGroup;
			children = (
				464CAE3A26EED494006C6FD0 /* Workers */,
			);
			path = Shared;
			sourceTree = "<group>";
		};
		464CAE3A26EED494006C6FD0 /* Workers */ = {
			isa = PBXGroup;
			children = (
				464CAE3B26EED494006C6FD0 /* GraphQLResultWorker.swift */,
			);
			path = Workers;
			sourceTree = "<group>";
		};
		464CAE3D26EED494006C6FD0 /* Transformers */ = {
			isa = PBXGroup;
			children = (
				464CAE3E26EED494006C6FD0 /* RelayTransformer.swift */,
			);
			path = Transformers;
			sourceTree = "<group>";
		};
		464CAE3F26EED494006C6FD0 /* Service */ = {
			isa = PBXGroup;
			children = (
				464CAE4026EED494006C6FD0 /* DefaultRelayService.swift */,
			);
			path = Service;
			sourceTree = "<group>";
		};
		464CAE4126EED494006C6FD0 /* Protocols */ = {
			isa = PBXGroup;
			children = (
				464CAE4226EED494006C6FD0 /* AppSyncClientHelper.swift */,
				464CAE4326EED494006C6FD0 /* Resetable.swift */,
			);
			path = Protocols;
			sourceTree = "<group>";
		};
		464CAE4426EED494006C6FD0 /* Utility */ = {
			isa = PBXGroup;
			children = (
				464CAE4826EED494006C6FD0 /* RelaySubscriptionToken.swift */,
				464CAE4526EED494006C6FD0 /* SubscriptionManager.swift */,
			);
			path = Utility;
			sourceTree = "<group>";
		};
		464CAE4926EED494006C6FD0 /* Domain */ = {
			isa = PBXGroup;
			children = (
				464CAE5226EED494006C6FD0 /* Service */,
			);
			path = Domain;
			sourceTree = "<group>";
		};
		464CAE5226EED494006C6FD0 /* Service */ = {
			isa = PBXGroup;
			children = (
				464CAE5326EED494006C6FD0 /* RelayService.swift */,
			);
			path = Service;
			sourceTree = "<group>";
		};
		464CAE5426EED494006C6FD0 /* Public */ = {
			isa = PBXGroup;
			children = (
				464CAE5C26EED495006C6FD0 /* Errors */,
				464CAE5626EED494006C6FD0 /* Types */,
				464CAE5526EED494006C6FD0 /* DefaultSudoDIRelayClient.swift */,
				464CAE5B26EED495006C6FD0 /* SudoDIRelayClient.swift */,
			);
			path = Public;
			sourceTree = "<group>";
		};
		464CAE5626EED494006C6FD0 /* Types */ = {
			isa = PBXGroup;
			children = (
				A43ED3F9A42BB4F5BA3BE46A /* ListOutput.swift */,
				464CAE5726EED494006C6FD0 /* Message.swift */,
				462EE3D027D9B0CA00BC2115 /* Postbox.swift */,
				464CAE5926EED495006C6FD0 /* Status.swift */,
				464CAE5826EED495006C6FD0 /* SubscriptionToken.swift */,
			);
			path = Types;
			sourceTree = "<group>";
		};
		464CAE5C26EED495006C6FD0 /* Errors */ = {
			isa = PBXGroup;
			children = (
				464CAE5D26EED495006C6FD0 /* SudoDIRelayError.swift */,
			);
			path = Errors;
			sourceTree = "<group>";
		};
		464CAE5E26EED495006C6FD0 /* Swiftgen */ = {
			isa = PBXGroup;
			children = (
				464CAE5F26EED495006C6FD0 /* Strings.swift */,
			);
			path = Swiftgen;
			sourceTree = "<group>";
		};
		464CAE6126EED495006C6FD0 /* SudoDIRelaySystemTests */ = {
			isa = PBXGroup;
			children = (
				464CAE6C26EED495006C6FD0 /* Extensions */,
				464CAE6226EED495006C6FD0 /* Test */,
				464CAE7226EED496006C6FD0 /* Utility */,
				464CAE6B26EED495006C6FD0 /* .swiftlint.yml */,
				464CAE7126EED496006C6FD0 /* Info.plist */,
			);
			path = SudoDIRelaySystemTests;
			sourceTree = "<group>";
		};
		464CAE6226EED495006C6FD0 /* Test */ = {
			isa = PBXGroup;
			children = (
				464CAE6326EED495006C6FD0 /* SudoDIRelayClient */,
			);
			path = Test;
			sourceTree = "<group>";
		};
		464CAE6326EED495006C6FD0 /* SudoDIRelayClient */ = {
			isa = PBXGroup;
			children = (
				464CAE6726EED495006C6FD0 /* CreatePostboxSystemTests.swift */,
				ADFCBF702A130C7800C1341E /* DeleteMessageSystemTests.swift */,
				464CAE6526EED495006C6FD0 /* DeletePostboxSystemTests.swift */,
				464CAE6426EED495006C6FD0 /* ListMessagesSystemTests.swift */,
				ADFCBF6E2A130C4B00C1341E /* ListPostboxesSystemTests.swift */,
				464CAE6826EED495006C6FD0 /* SubscribeToMessagesReceivedSystemTests.swift */,
				4626C64C2769AE9C00C7328B /* SudoDIRelayClientTestCase.swift */,
				ADFCBF6C2A12F7BE00C1341E /* UpdatePostboxSystemTests.swift */,
			);
			path = SudoDIRelayClient;
			sourceTree = "<group>";
		};
		464CAE6C26EED495006C6FD0 /* Extensions */ = {
			isa = PBXGroup;
			children = (
				464CAE7026EED496006C6FD0 /* DataFactory+TestUtility.swift */,
				464CAE6E26EED496006C6FD0 /* DataFactoryNamespace.swift */,
				46E64E47281FEF91006F1E3D /* Error+Equality.swift */,
				464CAE6F26EED496006C6FD0 /* Result+Convenience.swift */,
				464CAE6D26EED496006C6FD0 /* XCTestCase+Utility.swift */,
			);
			path = Extensions;
			sourceTree = "<group>";
		};
		464CAE7226EED496006C6FD0 /* Utility */ = {
			isa = PBXGroup;
			children = (
				464CAE7426EED496006C6FD0 /* HTTPTransports.swift */,
			);
			path = Utility;
			sourceTree = "<group>";
		};
		464CAE7526EED496006C6FD0 /* SudoDIRelayTests */ = {
			isa = PBXGroup;
			children = (
				464CAEB326EED498006C6FD0 /* Extensions */,
				464CAE7626EED496006C6FD0 /* Mocks */,
				464CAE8826EED497006C6FD0 /* Test */,
				464CAEB926EED498006C6FD0 /* Utility */,
				464CAEB226EED498006C6FD0 /* .swiftlint.yml */,
				464CAEB826EED498006C6FD0 /* Info.plist */,
			);
			path = SudoDIRelayTests;
			sourceTree = "<group>";
		};
		464CAE7626EED496006C6FD0 /* Mocks */ = {
			isa = PBXGroup;
			children = (
				464CAE7C26EED496006C6FD0 /* MockAWSNetworkTransport.swift */,
				464CAE7726EED496006C6FD0 /* MockGraphQL.swift */,
				464CAE7B26EED496006C6FD0 /* MockKeyManager.swift */,
				464CAE8626EED496006C6FD0 /* MockRelayService.swift */,
				464CAE7926EED496006C6FD0 /* MockSubscriptionManager.swift */,
				464CAE7A26EED496006C6FD0 /* MockSubscriptionToken.swift */,
			);
			path = Mocks;
			sourceTree = "<group>";
		};
		464CAE8826EED497006C6FD0 /* Test */ = {
			isa = PBXGroup;
			children = (
				464CAE8926EED497006C6FD0 /* Internal */,
				464CAEA526EED498006C6FD0 /* Public */,
			);
			path = Test;
			sourceTree = "<group>";
		};
		464CAE8926EED497006C6FD0 /* Internal */ = {
			isa = PBXGroup;
			children = (
				464CAE8C26EED497006C6FD0 /* Data */,
				464CAE9726EED497006C6FD0 /* Domain */,
				464CAE8A26EED497006C6FD0 /* Extensions */,
			);
			path = Internal;
			sourceTree = "<group>";
		};
		464CAE8A26EED497006C6FD0 /* Extensions */ = {
			isa = PBXGroup;
			children = (
				464CAE8B26EED497006C6FD0 /* Date+MillisecondsSinceEpochTests.swift */,
			);
			path = Extensions;
			sourceTree = "<group>";
		};
		464CAE8C26EED497006C6FD0 /* Data */ = {
			isa = PBXGroup;
			children = (
				464CAE9226EED497006C6FD0 /* Service */,
				464CAE8D26EED497006C6FD0 /* Shared */,
				464CAE9026EED497006C6FD0 /* Transformers */,
				464CAE9426EED497006C6FD0 /* Utility */,
			);
			path = Data;
			sourceTree = "<group>";
		};
		464CAE8D26EED497006C6FD0 /* Shared */ = {
			isa = PBXGroup;
			children = (
				464CAE8E26EED497006C6FD0 /* Workers */,
			);
			path = Shared;
			sourceTree = "<group>";
		};
		464CAE8E26EED497006C6FD0 /* Workers */ = {
			isa = PBXGroup;
			children = (
				464CAE8F26EED497006C6FD0 /* GraphQLResultWorkerTests.swift */,
			);
			path = Workers;
			sourceTree = "<group>";
		};
		464CAE9026EED497006C6FD0 /* Transformers */ = {
			isa = PBXGroup;
			children = (
				464CAE9126EED497006C6FD0 /* RelayTransformerTests.swift */,
			);
			path = Transformers;
			sourceTree = "<group>";
		};
		464CAE9226EED497006C6FD0 /* Service */ = {
			isa = PBXGroup;
			children = (
				464CAE9326EED497006C6FD0 /* DefaultRelayServiceTests.swift */,
			);
			path = Service;
			sourceTree = "<group>";
		};
		464CAE9426EED497006C6FD0 /* Utility */ = {
			isa = PBXGroup;
			children = (
				464CAE9526EED497006C6FD0 /* RelaySubscriptionTokenTests.swift */,
				464CAE9626EED497006C6FD0 /* SubscriptionManagerTests.swift */,
			);
			path = Utility;
			sourceTree = "<group>";
		};
		464CAE9726EED497006C6FD0 /* Domain */ = {
			isa = PBXGroup;
			children = (
			);
			path = Domain;
			sourceTree = "<group>";
		};
		464CAEA526EED498006C6FD0 /* Public */ = {
			isa = PBXGroup;
			children = (
				464CAEA826EED498006C6FD0 /* DefaultSudoDIRelayClient Tests */,
				464CAEB026EED498006C6FD0 /* Errors */,
				464CAEA626EED498006C6FD0 /* Types */,
			);
			path = Public;
			sourceTree = "<group>";
		};
		464CAEA626EED498006C6FD0 /* Types */ = {
			isa = PBXGroup;
			children = (
				464CAEA726EED498006C6FD0 /* MessageTests.swift */,
				4600698D2819120B0010B7E6 /* PostboxTests.swift */,
			);
			path = Types;
			sourceTree = "<group>";
		};
		464CAEA826EED498006C6FD0 /* DefaultSudoDIRelayClient Tests */ = {
			isa = PBXGroup;
			children = (
				464CAEAB26EED498006C6FD0 /* CreatePostboxTests.swift */,
				464CAEA926EED498006C6FD0 /* DeletePostboxTests.swift */,
				464CAEAE26EED498006C6FD0 /* ListMessagesTests.swift */,
				ADFCBF682A11FDDF00C1341E /* ListPostboxesTests.swift */,
				464CAEAF26EED498006C6FD0 /* SubscribeToMessagesReceivedTests.swift */,
				464CAEAD26EED498006C6FD0 /* TestCase.swift */,
				ADFCBF6A2A11FF4500C1341E /* UpdatePostboxTests.swift */,
			);
			path = "DefaultSudoDIRelayClient Tests";
			sourceTree = "<group>";
		};
		464CAEB026EED498006C6FD0 /* Errors */ = {
			isa = PBXGroup;
			children = (
				464CAEB126EED498006C6FD0 /* SudoDIRelayErrorTests.swift */,
			);
			path = Errors;
			sourceTree = "<group>";
		};
		464CAEB326EED498006C6FD0 /* Extensions */ = {
			isa = PBXGroup;
			children = (
				464CAEB726EED498006C6FD0 /* Array+OperationConvenience.swift */,
				464CAEB626EED498006C6FD0 /* Error+Equality.swift */,
				464CAEB426EED498006C6FD0 /* Logger+Tests.swift */,
				464CAEB526EED498006C6FD0 /* XCTestCase+Utility.swift */,
			);
			path = Extensions;
			sourceTree = "<group>";
		};
		464CAEB926EED498006C6FD0 /* Utility */ = {
			isa = PBXGroup;
			children = (
				464CAEBC26EED498006C6FD0 /* AnyError.swift */,
				464CAEBD26EED498006C6FD0 /* DataFactory+Domain.swift */,
				464CAEBB26EED498006C6FD0 /* DataFactory+GraphQL.swift */,
				464CAEBA26EED498006C6FD0 /* DataFactoryNamespace.swift */,
			);
			path = Utility;
			sourceTree = "<group>";
		};
		46E8FF8D2806516400F9D51E /* Utility */ = {
			isa = PBXGroup;
			children = (
				46E8FF8E2806517600F9D51E /* GraphQLHelper.swift */,
			);
			path = Utility;
			sourceTree = "<group>";
		};
		46E8FF902806ADB400F9D51E /* Platform */ = {
			isa = PBXGroup;
			children = (
				46E8FF912806ADD100F9D51E /* Public */,
			);
			path = Platform;
			sourceTree = "<group>";
		};
		46E8FF912806ADD100F9D51E /* Public */ = {
			isa = PBXGroup;
			children = (
				46E8FF922806ADD900F9D51E /* Subscriptions */,
			);
			path = Public;
			sourceTree = "<group>";
		};
		46E8FF922806ADD900F9D51E /* Subscriptions */ = {
			isa = PBXGroup;
			children = (
				46E8FF932806ADE800F9D51E /* PlatformSubscriptionStatus.swift */,
			);
			path = Subscriptions;
			sourceTree = "<group>";
		};
		6C63A5040BD71F5B3801A429 /* Pods */ = {
			isa = PBXGroup;
			children = (
			);
			path = Pods;
			sourceTree = "<group>";
		};
		84C0F0D226BBA8CD005810AC = {
			isa = PBXGroup;
			children = (
				464CAE2C26EED493006C6FD0 /* SudoDIRelay */,
				464CAE6126EED495006C6FD0 /* SudoDIRelaySystemTests */,
				464CAE7526EED496006C6FD0 /* SudoDIRelayTests */,
				84C0F0FB26BBA9EB005810AC /* TestApp */,
				84C0F0DD26BBA8CE005810AC /* Products */,
				6C63A5040BD71F5B3801A429 /* Pods */,
				E2E767872D0B959D00D6DE89 /* Frameworks */,
			);
			sourceTree = "<group>";
		};
		84C0F0DD26BBA8CE005810AC /* Products */ = {
			isa = PBXGroup;
			children = (
				84C0F11226BBAA54005810AC /* SudoDIRelaySystemTests.xctest */,
				84C0F0E526BBA8CE005810AC /* SudoDIRelayTests.xctest */,
				84C0F0FA26BBA9EB005810AC /* TestApp.app */,
			);
			name = Products;
			sourceTree = "<group>";
		};
		84C0F0FB26BBA9EB005810AC /* TestApp */ = {
			isa = PBXGroup;
			children = (
				84C0F0FC26BBA9EB005810AC /* AppDelegate.swift */,
				84C0F10526BBA9EE005810AC /* Assets.xcassets */,
				84C0F10A26BBA9EE005810AC /* Info.plist */,
				84C0F10726BBA9EE005810AC /* LaunchScreen.storyboard */,
				84C0F10226BBA9EB005810AC /* Main.storyboard */,
				84C0F0FE26BBA9EB005810AC /* SceneDelegate.swift */,
				84C0F10026BBA9EB005810AC /* ViewController.swift */,
			);
			path = TestApp;
			sourceTree = "<group>";
		};
		E2E767872D0B959D00D6DE89 /* Frameworks */ = {
			isa = PBXGroup;
			children = (
			);
			name = Frameworks;
			sourceTree = "<group>";
		};
/* End PBXGroup section */

/* Begin PBXNativeTarget section */
		84C0F0E426BBA8CE005810AC /* SudoDIRelayTests */ = {
			isa = PBXNativeTarget;
			buildConfigurationList = 84C0F0F326BBA8CE005810AC /* Build configuration list for PBXNativeTarget "SudoDIRelayTests" */;
			buildPhases = (
				84C0F0E126BBA8CE005810AC /* Sources */,
				84C0F0E226BBA8CE005810AC /* Frameworks */,
				84C0F0E326BBA8CE005810AC /* Resources */,
			);
			buildRules = (
			);
			dependencies = (
				E2E767982D0B981100D6DE89 /* PBXTargetDependency */,
			);
			name = SudoDIRelayTests;
			packageProductDependencies = (
				E2E767882D0B959D00D6DE89 /* SudoDIRelay */,
			);
			productName = SudoDecentralizedIdentityRelayTests;
			productReference = 84C0F0E526BBA8CE005810AC /* SudoDIRelayTests.xctest */;
			productType = "com.apple.product-type.bundle.unit-test";
		};
		84C0F0F926BBA9EB005810AC /* TestApp */ = {
			isa = PBXNativeTarget;
			buildConfigurationList = 84C0F10B26BBA9EE005810AC /* Build configuration list for PBXNativeTarget "TestApp" */;
			buildPhases = (
				84C0F0F626BBA9EB005810AC /* Sources */,
				84C0F0F726BBA9EB005810AC /* Frameworks */,
				84C0F0F826BBA9EB005810AC /* Resources */,
				84C0F1D826BBAE8B005810AC /* Copy Config To Resources */,
			);
			buildRules = (
			);
			dependencies = (
			);
			name = TestApp;
			productName = TestApp;
			productReference = 84C0F0FA26BBA9EB005810AC /* TestApp.app */;
			productType = "com.apple.product-type.application";
		};
		84C0F11126BBAA54005810AC /* SudoDIRelaySystemTests */ = {
			isa = PBXNativeTarget;
			buildConfigurationList = 84C0F11C26BBAA54005810AC /* Build configuration list for PBXNativeTarget "SudoDIRelaySystemTests" */;
			buildPhases = (
				84C0F10E26BBAA54005810AC /* Sources */,
				84C0F10F26BBAA54005810AC /* Frameworks */,
				84C0F11026BBAA54005810AC /* Resources */,
				84C0F1D726BBAE1F005810AC /* Copy TEST keys */,
			);
			buildRules = (
			);
			dependencies = (
				84C0F1DA26BBAEBD005810AC /* PBXTargetDependency */,
			);
			name = SudoDIRelaySystemTests;
			packageProductDependencies = (
				E2E7678A2D0B95A200D6DE89 /* SudoDIRelay */,
				2FE4F1502D5D6F66009885FD /* SudoProfiles */,
				2FE4F1532D5D6FB5009885FD /* SudoEntitlementsAdmin */,
				2FE4F1562D5D6FEB009885FD /* SudoEntitlements */,
			);
			productName = SudoDecentralizedIdentityRelayIntegrationTests;
			productReference = 84C0F11226BBAA54005810AC /* SudoDIRelaySystemTests.xctest */;
			productType = "com.apple.product-type.bundle.unit-test";
		};
/* End PBXNativeTarget section */

/* Begin PBXProject section */
		84C0F0D326BBA8CD005810AC /* Project object */ = {
			isa = PBXProject;
			attributes = {
				LastSwiftUpdateCheck = 1250;
				LastUpgradeCheck = 1250;
				TargetAttributes = {
					84C0F0E426BBA8CE005810AC = {
						CreatedOnToolsVersion = 12.5.1;
						TestTargetID = 84C0F0F926BBA9EB005810AC;
					};
					84C0F0F926BBA9EB005810AC = {
						CreatedOnToolsVersion = 12.5.1;
					};
					84C0F11126BBAA54005810AC = {
						CreatedOnToolsVersion = 12.5.1;
						TestTargetID = 84C0F0F926BBA9EB005810AC;
					};
				};
			};
			buildConfigurationList = 84C0F0D626BBA8CD005810AC /* Build configuration list for PBXProject "SudoDIRelay" */;
			compatibilityVersion = "Xcode 14.0";
			developmentRegion = en;
			hasScannedForEncodings = 0;
			knownRegions = (
				en,
				Base,
			);
			mainGroup = 84C0F0D226BBA8CD005810AC;
			packageReferences = (
				2FE4F14F2D5D6F66009885FD /* XCRemoteSwiftPackageReference "sudo-profiles-ios" */,
				2FE4F1522D5D6FB5009885FD /* XCRemoteSwiftPackageReference "sudo-entitlements-admin-ios" */,
				2FE4F1552D5D6FEB009885FD /* XCRemoteSwiftPackageReference "sudo-entitlements-ios" */,
			);
			productRefGroup = 84C0F0DD26BBA8CE005810AC /* Products */;
			projectDirPath = "";
			projectRoot = "";
			targets = (
				84C0F0E426BBA8CE005810AC /* SudoDIRelayTests */,
				84C0F11126BBAA54005810AC /* SudoDIRelaySystemTests */,
				84C0F0F926BBA9EB005810AC /* TestApp */,
			);
		};
/* End PBXProject section */

/* Begin PBXResourcesBuildPhase section */
		84C0F0E326BBA8CE005810AC /* Resources */ = {
			isa = PBXResourcesBuildPhase;
			buildActionMask = 2147483647;
			files = (
			);
			runOnlyForDeploymentPostprocessing = 0;
		};
		84C0F0F826BBA9EB005810AC /* Resources */ = {
			isa = PBXResourcesBuildPhase;
			buildActionMask = 2147483647;
			files = (
				84C0F10626BBA9EE005810AC /* Assets.xcassets in Resources */,
				84C0F10926BBA9EE005810AC /* LaunchScreen.storyboard in Resources */,
				84C0F10426BBA9EB005810AC /* Main.storyboard in Resources */,
			);
			runOnlyForDeploymentPostprocessing = 0;
		};
		84C0F11026BBAA54005810AC /* Resources */ = {
			isa = PBXResourcesBuildPhase;
			buildActionMask = 2147483647;
			files = (
			);
			runOnlyForDeploymentPostprocessing = 0;
		};
/* End PBXResourcesBuildPhase section */

/* Begin PBXShellScriptBuildPhase section */
		84C0F1D726BBAE1F005810AC /* Copy TEST keys */ = {
			isa = PBXShellScriptBuildPhase;
			buildActionMask = 2147483647;
			files = (
			);
			inputFileListPaths = (
			);
			inputPaths = (
			);
			name = "Copy TEST keys";
			outputFileListPaths = (
			);
			outputPaths = (
			);
			runOnlyForDeploymentPostprocessing = 0;
			shellPath = /bin/sh;
			shellScript = "cp -v -f config/* \"${TARGET_BUILD_DIR}/${UNLOCALIZED_RESOURCES_FOLDER_PATH}/\" || :\n";
		};
		84C0F1D826BBAE8B005810AC /* Copy Config To Resources */ = {
			isa = PBXShellScriptBuildPhase;
			buildActionMask = 2147483647;
			files = (
			);
			inputFileListPaths = (
			);
			inputPaths = (
			);
			name = "Copy Config To Resources";
			outputFileListPaths = (
			);
			outputPaths = (
			);
			runOnlyForDeploymentPostprocessing = 0;
			shellPath = /bin/sh;
			shellScript = "# Type a script or drag a script file from your workspace to insert its path.\ncp -f config/sudoplatformconfig.json \"${TARGET_BUILD_DIR}/${UNLOCALIZED_RESOURCES_FOLDER_PATH}/\"\nls ${TARGET_BUILD_DIR}/${UNLOCALIZED_RESOURCES_FOLDER_PATH}\n";
		};
/* End PBXShellScriptBuildPhase section */

/* Begin PBXSourcesBuildPhase section */
		84C0F0E126BBA8CE005810AC /* Sources */ = {
			isa = PBXSourcesBuildPhase;
			buildActionMask = 2147483647;
			files = (
				E2E767992D0B985400D6DE89 /* AnyError.swift in Sources */,
				464CAF6326EEE1A5006C6FD0 /* Array+OperationConvenience.swift in Sources */,
				464CAF5A26EEE1A4006C6FD0 /* CreatePostboxTests.swift in Sources */,
				464CAF6726EEE1A5006C6FD0 /* DataFactory+Domain.swift in Sources */,
				464CAF6526EEE1A5006C6FD0 /* DataFactory+GraphQL.swift in Sources */,
				464CAF6426EEE1A5006C6FD0 /* DataFactoryNamespace.swift in Sources */,
				464CAF4B26EEE1A4006C6FD0 /* Date+MillisecondsSinceEpochTests.swift in Sources */,
				464CAF4E26EEE1A4006C6FD0 /* DefaultRelayServiceTests.swift in Sources */,
				464CAF5826EEE1A4006C6FD0 /* DeletePostboxTests.swift in Sources */,
				464CAF6226EEE1A5006C6FD0 /* Error+Equality.swift in Sources */,
				464CAF4C26EEE1A4006C6FD0 /* GraphQLResultWorkerTests.swift in Sources */,
				464CAF5D26EEE1A4006C6FD0 /* ListMessagesTests.swift in Sources */,
				ADFCBF692A11FDDF00C1341E /* ListPostboxesTests.swift in Sources */,
				464CAF6026EEE1A5006C6FD0 /* Logger+Tests.swift in Sources */,
				464CAF5726EEE1A4006C6FD0 /* MessageTests.swift in Sources */,
				464CAF4026EEE1A4006C6FD0 /* MockAWSNetworkTransport.swift in Sources */,
				464CAF3B26EEE1A4006C6FD0 /* MockGraphQL.swift in Sources */,
				464CAF3F26EEE1A4006C6FD0 /* MockKeyManager.swift in Sources */,
				464CAF4926EEE1A4006C6FD0 /* MockRelayService.swift in Sources */,
				464CAF3D26EEE1A4006C6FD0 /* MockSubscriptionManager.swift in Sources */,
				464CAF3E26EEE1A4006C6FD0 /* MockSubscriptionToken.swift in Sources */,
				4600698E2819120B0010B7E6 /* PostboxTests.swift in Sources */,
				464CAF4F26EEE1A4006C6FD0 /* RelaySubscriptionTokenTests.swift in Sources */,
				464CAF4D26EEE1A4006C6FD0 /* RelayTransformerTests.swift in Sources */,
				464CAF5E26EEE1A4006C6FD0 /* SubscribeToMessagesReceivedTests.swift in Sources */,
				464CAF5026EEE1A4006C6FD0 /* SubscriptionManagerTests.swift in Sources */,
				464CAF5F26EEE1A4006C6FD0 /* SudoDIRelayErrorTests.swift in Sources */,
				464CAF5C26EEE1A4006C6FD0 /* TestCase.swift in Sources */,
				ADFCBF6B2A11FF4500C1341E /* UpdatePostboxTests.swift in Sources */,
				464CAF6126EEE1A5006C6FD0 /* XCTestCase+Utility.swift in Sources */,
			);
			runOnlyForDeploymentPostprocessing = 0;
		};
		84C0F0F626BBA9EB005810AC /* Sources */ = {
			isa = PBXSourcesBuildPhase;
			buildActionMask = 2147483647;
			files = (
				84C0F0FD26BBA9EB005810AC /* AppDelegate.swift in Sources */,
				84C0F0FF26BBA9EB005810AC /* SceneDelegate.swift in Sources */,
				84C0F10126BBA9EB005810AC /* ViewController.swift in Sources */,
			);
			runOnlyForDeploymentPostprocessing = 0;
		};
		84C0F10E26BBAA54005810AC /* Sources */ = {
			isa = PBXSourcesBuildPhase;
			buildActionMask = 2147483647;
			files = (
				E2E7679A2D0B985500D6DE89 /* AnyError.swift in Sources */,
				464CAF6B26EEE1CD006C6FD0 /* CreatePostboxSystemTests.swift in Sources */,
				464CAF7226EEE1CD006C6FD0 /* DataFactory+TestUtility.swift in Sources */,
				464CAF7026EEE1CD006C6FD0 /* DataFactoryNamespace.swift in Sources */,
				ADFCBF712A130C7800C1341E /* DeleteMessageSystemTests.swift in Sources */,
				464CAF6926EEE1CD006C6FD0 /* DeletePostboxSystemTests.swift in Sources */,
				46E64E48281FEF91006F1E3D /* Error+Equality.swift in Sources */,
				464CAF7326EEE1CD006C6FD0 /* HTTPTransports.swift in Sources */,
				464CAF6826EEE1CD006C6FD0 /* ListMessagesSystemTests.swift in Sources */,
				ADFCBF6F2A130C4B00C1341E /* ListPostboxesSystemTests.swift in Sources */,
				464CAF7126EEE1CD006C6FD0 /* Result+Convenience.swift in Sources */,
				464CAF6C26EEE1CD006C6FD0 /* SubscribeToMessagesReceivedSystemTests.swift in Sources */,
				4626C64D2769AE9C00C7328B /* SudoDIRelayClientTestCase.swift in Sources */,
				ADFCBF6D2A12F7BE00C1341E /* UpdatePostboxSystemTests.swift in Sources */,
				464CAF6F26EEE1CD006C6FD0 /* XCTestCase+Utility.swift in Sources */,
			);
			runOnlyForDeploymentPostprocessing = 0;
		};
/* End PBXSourcesBuildPhase section */

/* Begin PBXTargetDependency section */
		84C0F1DA26BBAEBD005810AC /* PBXTargetDependency */ = {
			isa = PBXTargetDependency;
			target = 84C0F0F926BBA9EB005810AC /* TestApp */;
			targetProxy = 84C0F1D926BBAEBD005810AC /* PBXContainerItemProxy */;
		};
		E2E767982D0B981100D6DE89 /* PBXTargetDependency */ = {
			isa = PBXTargetDependency;
			target = 84C0F0F926BBA9EB005810AC /* TestApp */;
			targetProxy = E2E767972D0B981100D6DE89 /* PBXContainerItemProxy */;
		};
/* End PBXTargetDependency section */

/* Begin PBXVariantGroup section */
		464CAE2F26EED493006C6FD0 /* Localizable.strings */ = {
			isa = PBXVariantGroup;
			children = (
				464CAE3026EED493006C6FD0 /* en */,
			);
			name = Localizable.strings;
			sourceTree = "<group>";
		};
		84C0F10226BBA9EB005810AC /* Main.storyboard */ = {
			isa = PBXVariantGroup;
			children = (
				84C0F10326BBA9EB005810AC /* Base */,
			);
			name = Main.storyboard;
			sourceTree = "<group>";
		};
		84C0F10726BBA9EE005810AC /* LaunchScreen.storyboard */ = {
			isa = PBXVariantGroup;
			children = (
				84C0F10826BBA9EE005810AC /* Base */,
			);
			name = LaunchScreen.storyboard;
			sourceTree = "<group>";
		};
/* End PBXVariantGroup section */

/* Begin XCBuildConfiguration section */
		84C0F0EE26BBA8CE005810AC /* Debug */ = {
			isa = XCBuildConfiguration;
			buildSettings = {
				ALWAYS_SEARCH_USER_PATHS = NO;
				CLANG_ANALYZER_NONNULL = YES;
				CLANG_ANALYZER_NUMBER_OBJECT_CONVERSION = YES_AGGRESSIVE;
				CLANG_CXX_LANGUAGE_STANDARD = "gnu++14";
				CLANG_CXX_LIBRARY = "libc++";
				CLANG_ENABLE_MODULES = YES;
				CLANG_ENABLE_OBJC_ARC = YES;
				CLANG_ENABLE_OBJC_WEAK = YES;
				CLANG_WARN_BLOCK_CAPTURE_AUTORELEASING = YES;
				CLANG_WARN_BOOL_CONVERSION = YES;
				CLANG_WARN_COMMA = YES;
				CLANG_WARN_CONSTANT_CONVERSION = YES;
				CLANG_WARN_DEPRECATED_OBJC_IMPLEMENTATIONS = YES;
				CLANG_WARN_DIRECT_OBJC_ISA_USAGE = YES_ERROR;
				CLANG_WARN_DOCUMENTATION_COMMENTS = YES;
				CLANG_WARN_EMPTY_BODY = YES;
				CLANG_WARN_ENUM_CONVERSION = YES;
				CLANG_WARN_INFINITE_RECURSION = YES;
				CLANG_WARN_INT_CONVERSION = YES;
				CLANG_WARN_NON_LITERAL_NULL_CONVERSION = YES;
				CLANG_WARN_OBJC_IMPLICIT_RETAIN_SELF = YES;
				CLANG_WARN_OBJC_LITERAL_CONVERSION = YES;
				CLANG_WARN_OBJC_ROOT_CLASS = YES_ERROR;
				CLANG_WARN_QUOTED_INCLUDE_IN_FRAMEWORK_HEADER = YES;
				CLANG_WARN_RANGE_LOOP_ANALYSIS = YES;
				CLANG_WARN_STRICT_PROTOTYPES = YES;
				CLANG_WARN_SUSPICIOUS_MOVE = YES;
				CLANG_WARN_UNGUARDED_AVAILABILITY = YES_AGGRESSIVE;
				CLANG_WARN_UNREACHABLE_CODE = YES;
				CLANG_WARN__DUPLICATE_METHOD_MATCH = YES;
				COPY_PHASE_STRIP = NO;
				CURRENT_PROJECT_VERSION = 1;
				DEBUG_INFORMATION_FORMAT = dwarf;
				ENABLE_STRICT_OBJC_MSGSEND = YES;
				ENABLE_TESTABILITY = YES;
				GCC_C_LANGUAGE_STANDARD = gnu11;
				GCC_DYNAMIC_NO_PIC = NO;
				GCC_NO_COMMON_BLOCKS = YES;
				GCC_OPTIMIZATION_LEVEL = 0;
				GCC_PREPROCESSOR_DEFINITIONS = (
					"DEBUG=1",
					"$(inherited)",
				);
				GCC_WARN_64_TO_32_BIT_CONVERSION = YES;
				GCC_WARN_ABOUT_RETURN_TYPE = YES_ERROR;
				GCC_WARN_UNDECLARED_SELECTOR = YES;
				GCC_WARN_UNINITIALIZED_AUTOS = YES_AGGRESSIVE;
				GCC_WARN_UNUSED_FUNCTION = YES;
				GCC_WARN_UNUSED_VARIABLE = YES;
				IPHONEOS_DEPLOYMENT_TARGET = 14.0;
				MTL_ENABLE_DEBUG_INFO = INCLUDE_SOURCE;
				MTL_FAST_MATH = YES;
				ONLY_ACTIVE_ARCH = YES;
				SDKROOT = iphoneos;
				SWIFT_ACTIVE_COMPILATION_CONDITIONS = DEBUG;
				SWIFT_OPTIMIZATION_LEVEL = "-Onone";
				VERSIONING_SYSTEM = "apple-generic";
				VERSION_INFO_PREFIX = "";
			};
			name = Debug;
		};
		84C0F0EF26BBA8CE005810AC /* Release */ = {
			isa = XCBuildConfiguration;
			buildSettings = {
				ALWAYS_SEARCH_USER_PATHS = NO;
				CLANG_ANALYZER_NONNULL = YES;
				CLANG_ANALYZER_NUMBER_OBJECT_CONVERSION = YES_AGGRESSIVE;
				CLANG_CXX_LANGUAGE_STANDARD = "gnu++14";
				CLANG_CXX_LIBRARY = "libc++";
				CLANG_ENABLE_MODULES = YES;
				CLANG_ENABLE_OBJC_ARC = YES;
				CLANG_ENABLE_OBJC_WEAK = YES;
				CLANG_WARN_BLOCK_CAPTURE_AUTORELEASING = YES;
				CLANG_WARN_BOOL_CONVERSION = YES;
				CLANG_WARN_COMMA = YES;
				CLANG_WARN_CONSTANT_CONVERSION = YES;
				CLANG_WARN_DEPRECATED_OBJC_IMPLEMENTATIONS = YES;
				CLANG_WARN_DIRECT_OBJC_ISA_USAGE = YES_ERROR;
				CLANG_WARN_DOCUMENTATION_COMMENTS = YES;
				CLANG_WARN_EMPTY_BODY = YES;
				CLANG_WARN_ENUM_CONVERSION = YES;
				CLANG_WARN_INFINITE_RECURSION = YES;
				CLANG_WARN_INT_CONVERSION = YES;
				CLANG_WARN_NON_LITERAL_NULL_CONVERSION = YES;
				CLANG_WARN_OBJC_IMPLICIT_RETAIN_SELF = YES;
				CLANG_WARN_OBJC_LITERAL_CONVERSION = YES;
				CLANG_WARN_OBJC_ROOT_CLASS = YES_ERROR;
				CLANG_WARN_QUOTED_INCLUDE_IN_FRAMEWORK_HEADER = YES;
				CLANG_WARN_RANGE_LOOP_ANALYSIS = YES;
				CLANG_WARN_STRICT_PROTOTYPES = YES;
				CLANG_WARN_SUSPICIOUS_MOVE = YES;
				CLANG_WARN_UNGUARDED_AVAILABILITY = YES_AGGRESSIVE;
				CLANG_WARN_UNREACHABLE_CODE = YES;
				CLANG_WARN__DUPLICATE_METHOD_MATCH = YES;
				COPY_PHASE_STRIP = NO;
				CURRENT_PROJECT_VERSION = 1;
				DEBUG_INFORMATION_FORMAT = "dwarf-with-dsym";
				ENABLE_NS_ASSERTIONS = NO;
				ENABLE_STRICT_OBJC_MSGSEND = YES;
				GCC_C_LANGUAGE_STANDARD = gnu11;
				GCC_NO_COMMON_BLOCKS = YES;
				GCC_WARN_64_TO_32_BIT_CONVERSION = YES;
				GCC_WARN_ABOUT_RETURN_TYPE = YES_ERROR;
				GCC_WARN_UNDECLARED_SELECTOR = YES;
				GCC_WARN_UNINITIALIZED_AUTOS = YES_AGGRESSIVE;
				GCC_WARN_UNUSED_FUNCTION = YES;
				GCC_WARN_UNUSED_VARIABLE = YES;
				IPHONEOS_DEPLOYMENT_TARGET = 14.0;
				MTL_ENABLE_DEBUG_INFO = NO;
				MTL_FAST_MATH = YES;
				SDKROOT = iphoneos;
				SWIFT_COMPILATION_MODE = wholemodule;
				SWIFT_OPTIMIZATION_LEVEL = "-O";
				VALIDATE_PRODUCT = YES;
				VERSIONING_SYSTEM = "apple-generic";
				VERSION_INFO_PREFIX = "";
			};
			name = Release;
		};
		84C0F0F426BBA8CE005810AC /* Debug */ = {
			isa = XCBuildConfiguration;
			buildSettings = {
				ALWAYS_EMBED_SWIFT_STANDARD_LIBRARIES = YES;
				CODE_SIGN_STYLE = Automatic;
				DEVELOPMENT_TEAM = UU2W43R8JA;
				INFOPLIST_FILE = SudoDIRelayTests/Info.plist;
				IPHONEOS_DEPLOYMENT_TARGET = 15.0;
				LD_RUNPATH_SEARCH_PATHS = (
					"$(inherited)",
					"@executable_path/Frameworks",
					"@loader_path/Frameworks",
				);
				PRODUCT_BUNDLE_IDENTIFIER = com.sudoplatform.SudoDIRelayTests;
				PRODUCT_NAME = "$(TARGET_NAME)";
				SWIFT_VERSION = 5.0;
				TARGETED_DEVICE_FAMILY = "1,2";
				TEST_HOST = "$(BUILT_PRODUCTS_DIR)/TestApp.app/$(BUNDLE_EXECUTABLE_FOLDER_PATH)/TestApp";
			};
			name = Debug;
		};
		84C0F0F526BBA8CE005810AC /* Release */ = {
			isa = XCBuildConfiguration;
			buildSettings = {
				ALWAYS_EMBED_SWIFT_STANDARD_LIBRARIES = YES;
				CODE_SIGN_STYLE = Automatic;
				DEVELOPMENT_TEAM = UU2W43R8JA;
				INFOPLIST_FILE = SudoDIRelayTests/Info.plist;
				IPHONEOS_DEPLOYMENT_TARGET = 15.0;
				LD_RUNPATH_SEARCH_PATHS = (
					"$(inherited)",
					"@executable_path/Frameworks",
					"@loader_path/Frameworks",
				);
				PRODUCT_BUNDLE_IDENTIFIER = com.sudoplatform.SudoDIRelayTests;
				PRODUCT_NAME = "$(TARGET_NAME)";
				SWIFT_VERSION = 5.0;
				TARGETED_DEVICE_FAMILY = "1,2";
				TEST_HOST = "$(BUILT_PRODUCTS_DIR)/TestApp.app/$(BUNDLE_EXECUTABLE_FOLDER_PATH)/TestApp";
			};
			name = Release;
		};
		84C0F10C26BBA9EE005810AC /* Debug */ = {
			isa = XCBuildConfiguration;
			buildSettings = {
				ASSETCATALOG_COMPILER_APPICON_NAME = AppIcon;
				ASSETCATALOG_COMPILER_GLOBAL_ACCENT_COLOR_NAME = AccentColor;
				CODE_SIGN_STYLE = Automatic;
				DEVELOPMENT_TEAM = UU2W43R8JA;
				INFOPLIST_FILE = TestApp/Info.plist;
				IPHONEOS_DEPLOYMENT_TARGET = 15.0;
				LD_RUNPATH_SEARCH_PATHS = (
					"$(inherited)",
					"@executable_path/Frameworks",
				);
				PRODUCT_BUNDLE_IDENTIFIER = com.sudoplatform.TestApp;
				PRODUCT_NAME = "$(TARGET_NAME)";
				SWIFT_VERSION = 5.0;
				TARGETED_DEVICE_FAMILY = "1,2";
			};
			name = Debug;
		};
		84C0F10D26BBA9EE005810AC /* Release */ = {
			isa = XCBuildConfiguration;
			buildSettings = {
				ASSETCATALOG_COMPILER_APPICON_NAME = AppIcon;
				ASSETCATALOG_COMPILER_GLOBAL_ACCENT_COLOR_NAME = AccentColor;
				CODE_SIGN_STYLE = Automatic;
				DEVELOPMENT_TEAM = "";
				INFOPLIST_FILE = TestApp/Info.plist;
				IPHONEOS_DEPLOYMENT_TARGET = 15.0;
				LD_RUNPATH_SEARCH_PATHS = (
					"$(inherited)",
					"@executable_path/Frameworks",
				);
				PRODUCT_BUNDLE_IDENTIFIER = com.sudoplatform.TestApp;
				PRODUCT_NAME = "$(TARGET_NAME)";
				SWIFT_VERSION = 5.0;
				TARGETED_DEVICE_FAMILY = "1,2";
			};
			name = Release;
		};
		84C0F11A26BBAA54005810AC /* Debug */ = {
			isa = XCBuildConfiguration;
			buildSettings = {
				ALWAYS_EMBED_SWIFT_STANDARD_LIBRARIES = YES;
				CODE_SIGN_STYLE = Automatic;
				DEVELOPMENT_TEAM = UU2W43R8JA;
				INFOPLIST_FILE = SudoDIRelaySystemTests/Info.plist;
				IPHONEOS_DEPLOYMENT_TARGET = 15.0;
				LD_RUNPATH_SEARCH_PATHS = (
					"$(inherited)",
					"@executable_path/Frameworks",
					"@loader_path/Frameworks",
				);
				PRODUCT_BUNDLE_IDENTIFIER = com.sudoplatform.SudoDIRelaySystemTests;
				PRODUCT_NAME = "$(TARGET_NAME)";
				SWIFT_VERSION = 5.0;
				TARGETED_DEVICE_FAMILY = "1,2";
				TEST_HOST = "$(BUILT_PRODUCTS_DIR)/TestApp.app/TestApp";
			};
			name = Debug;
		};
		84C0F11B26BBAA54005810AC /* Release */ = {
			isa = XCBuildConfiguration;
			buildSettings = {
				ALWAYS_EMBED_SWIFT_STANDARD_LIBRARIES = YES;
				CODE_SIGN_STYLE = Automatic;
				DEVELOPMENT_TEAM = "";
				INFOPLIST_FILE = SudoDIRelaySystemTests/Info.plist;
				IPHONEOS_DEPLOYMENT_TARGET = 15.0;
				LD_RUNPATH_SEARCH_PATHS = (
					"$(inherited)",
					"@executable_path/Frameworks",
					"@loader_path/Frameworks",
				);
				PRODUCT_BUNDLE_IDENTIFIER = com.sudoplatform.SudoDIRelaySystemTests;
				PRODUCT_NAME = "$(TARGET_NAME)";
				SWIFT_VERSION = 5.0;
				TARGETED_DEVICE_FAMILY = "1,2";
				TEST_HOST = "$(BUILT_PRODUCTS_DIR)/TestApp.app/TestApp";
			};
			name = Release;
		};
/* End XCBuildConfiguration section */

/* Begin XCConfigurationList section */
		84C0F0D626BBA8CD005810AC /* Build configuration list for PBXProject "SudoDIRelay" */ = {
			isa = XCConfigurationList;
			buildConfigurations = (
				84C0F0EE26BBA8CE005810AC /* Debug */,
				84C0F0EF26BBA8CE005810AC /* Release */,
			);
			defaultConfigurationIsVisible = 0;
			defaultConfigurationName = Release;
		};
		84C0F0F326BBA8CE005810AC /* Build configuration list for PBXNativeTarget "SudoDIRelayTests" */ = {
			isa = XCConfigurationList;
			buildConfigurations = (
				84C0F0F426BBA8CE005810AC /* Debug */,
				84C0F0F526BBA8CE005810AC /* Release */,
			);
			defaultConfigurationIsVisible = 0;
			defaultConfigurationName = Release;
		};
		84C0F10B26BBA9EE005810AC /* Build configuration list for PBXNativeTarget "TestApp" */ = {
			isa = XCConfigurationList;
			buildConfigurations = (
				84C0F10C26BBA9EE005810AC /* Debug */,
				84C0F10D26BBA9EE005810AC /* Release */,
			);
			defaultConfigurationIsVisible = 0;
			defaultConfigurationName = Release;
		};
		84C0F11C26BBAA54005810AC /* Build configuration list for PBXNativeTarget "SudoDIRelaySystemTests" */ = {
			isa = XCConfigurationList;
			buildConfigurations = (
				84C0F11A26BBAA54005810AC /* Debug */,
				84C0F11B26BBAA54005810AC /* Release */,
			);
			defaultConfigurationIsVisible = 0;
			defaultConfigurationName = Release;
		};
/* End XCConfigurationList section */

/* Begin XCRemoteSwiftPackageReference section */
		2FE4F14F2D5D6F66009885FD /* XCRemoteSwiftPackageReference "sudo-profiles-ios" */ = {
			isa = XCRemoteSwiftPackageReference;
			repositoryURL = "https://github.com/sudoplatform/sudo-profiles-ios.git";
			requirement = {
				kind = upToNextMajorVersion;
				minimumVersion = 19.0.0;
			};
		};
		2FE4F1522D5D6FB5009885FD /* XCRemoteSwiftPackageReference "sudo-entitlements-admin-ios" */ = {
			isa = XCRemoteSwiftPackageReference;
			repositoryURL = "https://github.com/sudoplatform/sudo-entitlements-admin-ios.git";
			requirement = {
				kind = upToNextMajorVersion;
				minimumVersion = 7.0.0;
			};
		};
		2FE4F1552D5D6FEB009885FD /* XCRemoteSwiftPackageReference "sudo-entitlements-ios" */ = {
			isa = XCRemoteSwiftPackageReference;
			repositoryURL = "https://github.com/sudoplatform/sudo-entitlements-ios.git";
			requirement = {
				kind = upToNextMajorVersion;
				minimumVersion = 12.0.0;
			};
		};
/* End XCRemoteSwiftPackageReference section */

/* Begin XCSwiftPackageProductDependency section */
		2FE4F1502D5D6F66009885FD /* SudoProfiles */ = {
			isa = XCSwiftPackageProductDependency;
			package = 2FE4F14F2D5D6F66009885FD /* XCRemoteSwiftPackageReference "sudo-profiles-ios" */;
			productName = SudoProfiles;
		};
		2FE4F1532D5D6FB5009885FD /* SudoEntitlementsAdmin */ = {
			isa = XCSwiftPackageProductDependency;
			package = 2FE4F1522D5D6FB5009885FD /* XCRemoteSwiftPackageReference "sudo-entitlements-admin-ios" */;
			productName = SudoEntitlementsAdmin;
		};
		2FE4F1562D5D6FEB009885FD /* SudoEntitlements */ = {
			isa = XCSwiftPackageProductDependency;
			package = 2FE4F1552D5D6FEB009885FD /* XCRemoteSwiftPackageReference "sudo-entitlements-ios" */;
			productName = SudoEntitlements;
		};
		E2E767882D0B959D00D6DE89 /* SudoDIRelay */ = {
			isa = XCSwiftPackageProductDependency;
			productName = SudoDIRelay;
		};
		E2E7678A2D0B95A200D6DE89 /* SudoDIRelay */ = {
			isa = XCSwiftPackageProductDependency;
			productName = SudoDIRelay;
		};
/* End XCSwiftPackageProductDependency section */
	};
	rootObject = 84C0F0D326BBA8CD005810AC /* Project object */;
}
